
Microsoft Visual Studio Solution File, Format Version 12.00
# Visual Studio 14
VisualStudioVersion = 14.0.25420.1
MinimumVisualStudioVersion = 10.0.40219.1
Project("{FAE04EC0-301F-11D3-BF4B-00C04F79EFBC}") = "GameStore.WebUI", "GameStore.WebUI\GameStore.WebUI.csproj", "{E3A6ED73-F70B-46FA-9375-0A48FABE1DB5}"
EndProject
Project("{FAE04EC0-301F-11D3-BF4B-00C04F79EFBC}") = "GameStore.Domain", "GameStore.Domain\GameStore.Domain.csproj", "{3E0C7D22-6563-48C7-BEF2-B2879F7D7D03}"
EndProject
Project("{FAE04EC0-301F-11D3-BF4B-00C04F79EFBC}") = "GameStore.UnitTests", "GameStore.UnitTest\GameStore.UnitTests.csproj", "{1BC04BC0-703C-453D-A1C8-ADBE3966F466}"
EndProject
Global
	GlobalSection(SolutionConfigurationPlatforms) = preSolution
		Debug|Any CPU = Debug|Any CPU
		Release|Any CPU = Release|Any CPU
	EndGlobalSection
	GlobalSection(ProjectConfigurationPlatforms) = postSolution
		{E3A6ED73-F70B-46FA-9375-0A48FABE1DB5}.Debug|Any CPU.ActiveCfg = Debug|Any CPU
		{E3A6ED73-F70B-46FA-9375-0A48FABE1DB5}.Debug|Any CPU.Build.0 = Debug|Any CPU
		{E3A6ED73-F70B-46FA-9375-0A48FABE1DB5}.Release|Any CPU.ActiveCfg = Release|Any CPU
		{E3A6ED73-F70B-46FA-9375-0A48FABE1DB5}.Release|Any CPU.Build.0 = Release|Any CPU
		{3E0C7D22-6563-48C7-BEF2-B2879F7D7D03}.Debug|Any CPU.ActiveCfg = Debug|Any CPU
		{3E0C7D22-6563-48C7-BEF2-B2879F7D7D03}.Debug|Any CPU.Build.0 = Debug|Any CPU
		{3E0C7D22-6563-48C7-BEF2-B2879F7D7D03}.Release|Any CPU.ActiveCfg = Release|Any CPU
		{3E0C7D22-6563-48C7-BEF2-B2879F7D7D03}.Release|Any CPU.Build.0 = Release|Any CPU
		{1BC04BC0-703C-453D-A1C8-ADBE3966F466}.Debug|Any CPU.ActiveCfg = Debug|Any CPU
		{1BC04BC0-703C-453D-A1C8-ADBE3966F466}.Debug|Any CPU.Build.0 = Debug|Any CPU
		{1BC04BC0-703C-453D-A1C8-ADBE3966F466}.Release|Any CPU.ActiveCfg = Release|Any CPU
		{1BC04BC0-703C-453D-A1C8-ADBE3966F466}.Release|Any CPU.Build.0 = Release|Any CPU
	EndGlobalSection
	GlobalSection(SolutionProperties) = preSolution
		HideSolutionNode = FALSE
	EndGlobalSection
EndGlobal
